
Microsoft Visual Studio Solution File, Format Version 12.00
# Visual Studio Version 17
VisualStudioVersion = 17.6.33801.468
MinimumVisualStudioVersion = 10.0.40219.1
Project("{FAE04EC0-301F-11D3-BF4B-00C04F79EFBC}") = "StockPriceAlert", "StockPriceAlert\StockPriceAlert.csproj", "{42535EA8-1E00-4631-8F18-FA64CAB6C858}"
EndProject
Global
	GlobalSection(SolutionConfigurationPlatforms) = preSolution
		Debug|Any CPU = Debug|Any CPU
		Release|Any CPU = Release|Any CPU
	EndGlobalSection
	GlobalSection(ProjectConfigurationPlatforms) = postSolution
		{42535EA8-1E00-4631-8F18-FA64CAB6C858}.Debug|Any CPU.ActiveCfg = Debug|Any CPU
		{42535EA8-1E00-4631-8F18-FA64CAB6C858}.Debug|Any CPU.Build.0 = Debug|Any CPU
		{42535EA8-1E00-4631-8F18-FA64CAB6C858}.Release|Any CPU.ActiveCfg = Release|Any CPU
		{42535EA8-1E00-4631-8F18-FA64CAB6C858}.Release|Any CPU.Build.0 = Release|Any CPU
	EndGlobalSection
	GlobalSection(SolutionProperties) = preSolution
		HideSolutionNode = FALSE
	EndGlobalSection
	GlobalSection(ExtensibilityGlobals) = postSolution
		SolutionGuid = {4C5F8429-6F30-4B60-B541-605749AA62A8}
	EndGlobalSection
EndGlobal
